
Microsoft Visual Studio Solution File, Format Version 10.00
# Visual Studio 2008
Project("{FAE04EC0-301F-11D3-BF4B-00C04F79EFBC}") = "eshop.core", "eshop.core\eshop.core.csproj", "{5CEF766F-3CDD-4E05-AF66-282C5EB7D824}"
EndProject
Project("{FAE04EC0-301F-11D3-BF4B-00C04F79EFBC}") = "eshop.web", "eshop\eshop.web.csproj", "{17E1036A-A019-4396-A145-9A18839AC7C3}"
EndProject
Project("{FAE04EC0-301F-11D3-BF4B-00C04F79EFBC}") = "eshop.test", "eshop.test\eshop.test.csproj", "{DC5C3956-0A1A-47E6-B9E8-AF6129761484}"
EndProject
Global
	GlobalSection(SubversionScc) = preSolution
		Svn-Managed = True
		Manager = AnkhSVN - Subversion Support for Visual Studio
	EndGlobalSection
	GlobalSection(SolutionConfigurationPlatforms) = preSolution
		Debug|Any CPU = Debug|Any CPU
		Release|Any CPU = Release|Any CPU
	EndGlobalSection
	GlobalSection(ProjectConfigurationPlatforms) = postSolution
		{5CEF766F-3CDD-4E05-AF66-282C5EB7D824}.Debug|Any CPU.ActiveCfg = Debug|Any CPU
		{5CEF766F-3CDD-4E05-AF66-282C5EB7D824}.Debug|Any CPU.Build.0 = Debug|Any CPU
		{5CEF766F-3CDD-4E05-AF66-282C5EB7D824}.Release|Any CPU.ActiveCfg = Release|Any CPU
		{5CEF766F-3CDD-4E05-AF66-282C5EB7D824}.Release|Any CPU.Build.0 = Release|Any CPU
		{17E1036A-A019-4396-A145-9A18839AC7C3}.Debug|Any CPU.ActiveCfg = Debug|Any CPU
		{17E1036A-A019-4396-A145-9A18839AC7C3}.Debug|Any CPU.Build.0 = Debug|Any CPU
		{17E1036A-A019-4396-A145-9A18839AC7C3}.Release|Any CPU.ActiveCfg = Release|Any CPU
		{17E1036A-A019-4396-A145-9A18839AC7C3}.Release|Any CPU.Build.0 = Release|Any CPU
		{DC5C3956-0A1A-47E6-B9E8-AF6129761484}.Debug|Any CPU.ActiveCfg = Debug|Any CPU
		{DC5C3956-0A1A-47E6-B9E8-AF6129761484}.Debug|Any CPU.Build.0 = Debug|Any CPU
		{DC5C3956-0A1A-47E6-B9E8-AF6129761484}.Release|Any CPU.ActiveCfg = Release|Any CPU
		{DC5C3956-0A1A-47E6-B9E8-AF6129761484}.Release|Any CPU.Build.0 = Release|Any CPU
	EndGlobalSection
	GlobalSection(SolutionProperties) = preSolution
		HideSolutionNode = FALSE
	EndGlobalSection
EndGlobal
